
Microsoft Visual Studio Solution File, Format Version 12.00
# Visual Studio Version 16
VisualStudioVersion = 16.0.28407.52
MinimumVisualStudioVersion = 10.0.40219.1
Project("{FAE04EC0-301F-11D3-BF4B-00C04F79EFBC}") = "SqlBulkTools.UnitTests", "SqlBulkTools.UnitTests\SqlBulkTools.UnitTests.csproj", "{D20B543C-C7E2-40C4-8402-EE0CBC93E837}"
EndProject
Project("{FAE04EC0-301F-11D3-BF4B-00C04F79EFBC}") = "SqlBulkTools.TestCommon", "SqlBulkTools.TestCommon\SqlBulkTools.TestCommon.csproj", "{DCF50704-D460-4636-B4C4-9AEAF17AAC81}"
EndProject
Project("{FAE04EC0-301F-11D3-BF4B-00C04F79EFBC}") = "SqlBulkTools.IntegrationTests", "SqlBulkTools.IntegrationTests\SqlBulkTools.IntegrationTests.csproj", "{6CE3CC1D-C18B-43B2-8A75-F1C5C0A2D3FA}"
EndProject
Project("{9A19103F-16F7-4668-BE54-9A1E7A4F7556}") = "SqlBulkTools", "SqlBulkTools\SqlBulkTools.csproj", "{189A4E52-DBB9-47EA-AE30-9921F99BA3A0}"
EndProject
Global
	GlobalSection(SolutionConfigurationPlatforms) = preSolution
		Debug|Any CPU = Debug|Any CPU
		Release|Any CPU = Release|Any CPU
	EndGlobalSection
	GlobalSection(ProjectConfigurationPlatforms) = postSolution
		{D20B543C-C7E2-40C4-8402-EE0CBC93E837}.Debug|Any CPU.ActiveCfg = Debug|Any CPU
		{D20B543C-C7E2-40C4-8402-EE0CBC93E837}.Debug|Any CPU.Build.0 = Debug|Any CPU
		{D20B543C-C7E2-40C4-8402-EE0CBC93E837}.Release|Any CPU.ActiveCfg = Release|Any CPU
		{D20B543C-C7E2-40C4-8402-EE0CBC93E837}.Release|Any CPU.Build.0 = Release|Any CPU
		{DCF50704-D460-4636-B4C4-9AEAF17AAC81}.Debug|Any CPU.ActiveCfg = Debug|Any CPU
		{DCF50704-D460-4636-B4C4-9AEAF17AAC81}.Debug|Any CPU.Build.0 = Debug|Any CPU
		{DCF50704-D460-4636-B4C4-9AEAF17AAC81}.Release|Any CPU.ActiveCfg = Release|Any CPU
		{DCF50704-D460-4636-B4C4-9AEAF17AAC81}.Release|Any CPU.Build.0 = Release|Any CPU
		{6CE3CC1D-C18B-43B2-8A75-F1C5C0A2D3FA}.Debug|Any CPU.ActiveCfg = Debug|Any CPU
		{6CE3CC1D-C18B-43B2-8A75-F1C5C0A2D3FA}.Debug|Any CPU.Build.0 = Debug|Any CPU
		{6CE3CC1D-C18B-43B2-8A75-F1C5C0A2D3FA}.Release|Any CPU.ActiveCfg = Release|Any CPU
		{6CE3CC1D-C18B-43B2-8A75-F1C5C0A2D3FA}.Release|Any CPU.Build.0 = Release|Any CPU
		{189A4E52-DBB9-47EA-AE30-9921F99BA3A0}.Debug|Any CPU.ActiveCfg = Debug|Any CPU
		{189A4E52-DBB9-47EA-AE30-9921F99BA3A0}.Debug|Any CPU.Build.0 = Debug|Any CPU
		{189A4E52-DBB9-47EA-AE30-9921F99BA3A0}.Release|Any CPU.ActiveCfg = Release|Any CPU
		{189A4E52-DBB9-47EA-AE30-9921F99BA3A0}.Release|Any CPU.Build.0 = Release|Any CPU
	EndGlobalSection
	GlobalSection(SolutionProperties) = preSolution
		HideSolutionNode = FALSE
	EndGlobalSection
	GlobalSection(ExtensibilityGlobals) = postSolution
		SolutionGuid = {A047E166-C2FF-4F50-9DCC-24F4BF9A2F1F}
	EndGlobalSection
EndGlobal
